
Microsoft Visual Studio Solution File, Format Version 12.00
# Visual Studio Version 16
VisualStudioVersion = 16.0.30406.217
MinimumVisualStudioVersion = 10.0.40219.1
Project("{FAE04EC0-301F-11D3-BF4B-00C04F79EFBC}") = "letter X", "letter X\letter X.csproj", "{CDB7ACAC-E815-4B7D-A16E-9E89846F3B7B}"
EndProject
Global
	GlobalSection(SolutionConfigurationPlatforms) = preSolution
		Debug|Any CPU = Debug|Any CPU
		Release|Any CPU = Release|Any CPU
	EndGlobalSection
	GlobalSection(ProjectConfigurationPlatforms) = postSolution
		{CDB7ACAC-E815-4B7D-A16E-9E89846F3B7B}.Debug|Any CPU.ActiveCfg = Debug|Any CPU
		{CDB7ACAC-E815-4B7D-A16E-9E89846F3B7B}.Debug|Any CPU.Build.0 = Debug|Any CPU
		{CDB7ACAC-E815-4B7D-A16E-9E89846F3B7B}.Release|Any CPU.ActiveCfg = Release|Any CPU
		{CDB7ACAC-E815-4B7D-A16E-9E89846F3B7B}.Release|Any CPU.Build.0 = Release|Any CPU
	EndGlobalSection
	GlobalSection(SolutionProperties) = preSolution
		HideSolutionNode = FALSE
	EndGlobalSection
	GlobalSection(ExtensibilityGlobals) = postSolution
		SolutionGuid = {ACA86E94-2554-4F40-AB23-9BBF924CA00A}
	EndGlobalSection
EndGlobal
